# This file is automatically @generated by Cargo.
# It is not intended for manual editing.
version = 4

[[package]]
name = "tensora-hash"
version = "0.1.0"

[[package]]
name = "tensora-pointer"
version = "0.1.0"

[[package]]
name = "tensora-shared-types"
version = "0.1.0"

[[package]]
name = "tensora-utils"
version = "0.1.0"
